// !$*UTF8*$!
{
	archiveVersion = 1;
	classes = {
	};
	objectVersion = 46;
	objects = {

/* Begin PBXBuildFile section */
		528FB83824149E7A99DC418F /* libPods-百思不得姐.a in Frameworks */ = {isa = PBXBuildFile; fileRef = 3DB315C8F2C6269B8BB542AE /* libPods-百思不得姐.a */; };
		FF4007E41CCBCB8B0084E810 /* main.m in Sources */ = {isa = PBXBuildFile; fileRef = FF4007E31CCBCB8B0084E810 /* main.m */; };
		FF4007E71CCBCB8B0084E810 /* AppDelegate.m in Sources */ = {isa = PBXBuildFile; fileRef = FF4007E61CCBCB8B0084E810 /* AppDelegate.m */; };
		FF4007EF1CCBCB8B0084E810 /* Assets.xcassets in Resources */ = {isa = PBXBuildFile; fileRef = FF4007EE1CCBCB8B0084E810 /* Assets.xcassets */; };
		FF4007FB1CCBD28C0084E810 /* JDTabBarController.m in Sources */ = {isa = PBXBuildFile; fileRef = FF4007FA1CCBD28C0084E810 /* JDTabBarController.m */; };
		FF4007FE1CCBE4230084E810 /* JDMeController.m in Sources */ = {isa = PBXBuildFile; fileRef = FF4007FD1CCBE4230084E810 /* JDMeController.m */; };
		FF4008011CCBE4410084E810 /* JDEssenceController.m in Sources */ = {isa = PBXBuildFile; fileRef = FF4008001CCBE4410084E810 /* JDEssenceController.m */; };
		FF4008041CCBE45F0084E810 /* JDfriendTrendsController.m in Sources */ = {isa = PBXBuildFile; fileRef = FF4008031CCBE45F0084E810 /* JDfriendTrendsController.m */; };
		FF4008071CCBE48C0084E810 /* JDNewController.m in Sources */ = {isa = PBXBuildFile; fileRef = FF4008061CCBE48C0084E810 /* JDNewController.m */; };
		FF40080A1CCC5B840084E810 /* JDTabBar.m in Sources */ = {isa = PBXBuildFile; fileRef = FF4008091CCC5B840084E810 /* JDTabBar.m */; };
		FF49438E1CD044B00078404B /* JDLoginViewController.m in Sources */ = {isa = PBXBuildFile; fileRef = FF49438C1CD044B00078404B /* JDLoginViewController.m */; };
		FF49438F1CD044B00078404B /* JDLoginViewController.xib in Resources */ = {isa = PBXBuildFile; fileRef = FF49438D1CD044B00078404B /* JDLoginViewController.xib */; };
		FF4943921CD05D470078404B /* JDLoginButton.m in Sources */ = {isa = PBXBuildFile; fileRef = FF4943911CD05D470078404B /* JDLoginButton.m */; };
		FF4943951CD09D1A0078404B /* JDTextField.m in Sources */ = {isa = PBXBuildFile; fileRef = FF4943941CD09D1A0078404B /* JDTextField.m */; };
		FF53510C1CD9882A0008DBD1 /* JDShowViewController.m in Sources */ = {isa = PBXBuildFile; fileRef = FF53510A1CD9882A0008DBD1 /* JDShowViewController.m */; };
		FF53510D1CD9882A0008DBD1 /* JDShowViewController.xib in Resources */ = {isa = PBXBuildFile; fileRef = FF53510B1CD9882A0008DBD1 /* JDShowViewController.xib */; };
		FF5351101CD9ADA30008DBD1 /* JDProgressView.m in Sources */ = {isa = PBXBuildFile; fileRef = FF53510F1CD9ADA30008DBD1 /* JDProgressView.m */; };
		FF61C3961CCC764B00968857 /* UIBarButtonItem+JDBarButtonItem.m in Sources */ = {isa = PBXBuildFile; fileRef = FF61C3951CCC764B00968857 /* UIBarButtonItem+JDBarButtonItem.m */; };
		FF61C39C1CCC9C9000968857 /* UIView+JDExtension.m in Sources */ = {isa = PBXBuildFile; fileRef = FF61C39B1CCC9C9000968857 /* UIView+JDExtension.m */; };
		FF61C3B41CCCA51900968857 /* JDNavigationController.m in Sources */ = {isa = PBXBuildFile; fileRef = FF61C3B31CCCA51900968857 /* JDNavigationController.m */; };
		FF84FC321CCF1808007D9ADA /* JDUserTableViewCell.m in Sources */ = {isa = PBXBuildFile; fileRef = FF84FC301CCF1808007D9ADA /* JDUserTableViewCell.m */; };
		FF84FC331CCF1808007D9ADA /* JDUserTableViewCell.xib in Resources */ = {isa = PBXBuildFile; fileRef = FF84FC311CCF1808007D9ADA /* JDUserTableViewCell.xib */; };
		FF84FC361CCF19FB007D9ADA /* JDUserModel.m in Sources */ = {isa = PBXBuildFile; fileRef = FF84FC351CCF19FB007D9ADA /* JDUserModel.m */; };
		FF84FC3D1CCF92DE007D9ADA /* JDSubViewController.m in Sources */ = {isa = PBXBuildFile; fileRef = FF84FC3B1CCF92DE007D9ADA /* JDSubViewController.m */; };
		FF84FC3E1CCF92DE007D9ADA /* JDSubViewController.xib in Resources */ = {isa = PBXBuildFile; fileRef = FF84FC3C1CCF92DE007D9ADA /* JDSubViewController.xib */; };
		FF84FC421CCF93E9007D9ADA /* JDSubTableViewCell.m in Sources */ = {isa = PBXBuildFile; fileRef = FF84FC401CCF93E9007D9ADA /* JDSubTableViewCell.m */; };
		FF84FC431CCF93E9007D9ADA /* JDSubTableViewCell.xib in Resources */ = {isa = PBXBuildFile; fileRef = FF84FC411CCF93E9007D9ADA /* JDSubTableViewCell.xib */; };
		FF84FC461CCF940E007D9ADA /* JDSubModel.m in Sources */ = {isa = PBXBuildFile; fileRef = FF84FC451CCF940E007D9ADA /* JDSubModel.m */; };
		FF8B67EA1CCCCE8A0020A5F3 /* JDfriendTrendsController.xib in Resources */ = {isa = PBXBuildFile; fileRef = FF8B67E91CCCCE8A0020A5F3 /* JDfriendTrendsController.xib */; };
		FFA9FA331CD33D2000046AC3 /* JDAmuseModel.m in Sources */ = {isa = PBXBuildFile; fileRef = FFA9FA321CD33D2000046AC3 /* JDAmuseModel.m */; };
		FFA9FA371CD3475000046AC3 /* JDAmuseViewCell.m in Sources */ = {isa = PBXBuildFile; fileRef = FFA9FA351CD3475000046AC3 /* JDAmuseViewCell.m */; };
		FFA9FA381CD3475000046AC3 /* JDAmuseViewCell.xib in Resources */ = {isa = PBXBuildFile; fileRef = FFA9FA361CD3475000046AC3 /* JDAmuseViewCell.xib */; };
		FFC4F9CC1CCCF917000BE44A /* JDRecommendController.m in Sources */ = {isa = PBXBuildFile; fileRef = FFC4F9CA1CCCF917000BE44A /* JDRecommendController.m */; };
		FFC4F9CD1CCCF917000BE44A /* JDRecommendController.xib in Resources */ = {isa = PBXBuildFile; fileRef = FFC4F9CB1CCCF917000BE44A /* JDRecommendController.xib */; };
		FFC4F9CF1CCCFDB2000BE44A /* Foundation+Log.m in Sources */ = {isa = PBXBuildFile; fileRef = FFC4F9CE1CCCFDB2000BE44A /* Foundation+Log.m */; };
		FFC4F9D31CCE6EFD000BE44A /* JDTRecommendViewCell.m in Sources */ = {isa = PBXBuildFile; fileRef = FFC4F9D11CCE6EFD000BE44A /* JDTRecommendViewCell.m */; };
		FFC4F9D41CCE6EFD000BE44A /* JDTRecommendViewCell.xib in Resources */ = {isa = PBXBuildFile; fileRef = FFC4F9D21CCE6EFD000BE44A /* JDTRecommendViewCell.xib */; };
		FFC4F9D71CCE7042000BE44A /* JDRecommendModel.m in Sources */ = {isa = PBXBuildFile; fileRef = FFC4F9D61CCE7042000BE44A /* JDRecommendModel.m */; };
		FFC74E081CD0DCC4000A587E /* JDNavigationView.m in Sources */ = {isa = PBXBuildFile; fileRef = FFC74E071CD0DCC4000A587E /* JDNavigationView.m */; };
		FFDD6BA91CDB1F2B003BBBB7 /* JDPublishViewController.m in Sources */ = {isa = PBXBuildFile; fileRef = FFDD6BA71CDB1F2B003BBBB7 /* JDPublishViewController.m */; };
		FFDD6BAA1CDB1F2B003BBBB7 /* JDPublishViewController.xib in Resources */ = {isa = PBXBuildFile; fileRef = FFDD6BA81CDB1F2B003BBBB7 /* JDPublishViewController.xib */; };
		FFED937B1CD71AC200AFFE46 /* JDBaseTableViewController.m in Sources */ = {isa = PBXBuildFile; fileRef = FFED937A1CD71AC200AFFE46 /* JDBaseTableViewController.m */; };
		FFED937E1CD7233700AFFE46 /* JDConstValue.m in Sources */ = {isa = PBXBuildFile; fileRef = FFED937D1CD7233700AFFE46 /* JDConstValue.m */; };
		FFED93811CD8CB4900AFFE46 /* JDPictureVIew.m in Sources */ = {isa = PBXBuildFile; fileRef = FFED93801CD8CB4900AFFE46 /* JDPictureVIew.m */; };
		FFED93831CD8CD9700AFFE46 /* JDPictureVIew.xib in Resources */ = {isa = PBXBuildFile; fileRef = FFED93821CD8CD9700AFFE46 /* JDPictureVIew.xib */; };
		FFF590461CD6317200C6BF17 /* NSDate+XMGExtension.m in Sources */ = {isa = PBXBuildFile; fileRef = FFF590451CD6317200C6BF17 /* NSDate+XMGExtension.m */; };
/* End PBXBuildFile section */

/* Begin PBXFileReference section */
		069BD5BBF0A85A20ADF42ACF /* Pods-百思不得姐.release.xcconfig */ = {isa = PBXFileReference; includeInIndex = 1; lastKnownFileType = text.xcconfig; name = "Pods-百思不得姐.release.xcconfig"; path = "Pods/Target Support Files/Pods-百思不得姐/Pods-百思不得姐.release.xcconfig"; sourceTree = "<group>"; };
		3DB315C8F2C6269B8BB542AE /* libPods-百思不得姐.a */ = {isa = PBXFileReference; explicitFileType = archive.ar; includeInIndex = 0; path = "libPods-百思不得姐.a"; sourceTree = BUILT_PRODUCTS_DIR; };
		CF04CF1C9D8CC53BFCADA304 /* Pods-百思不得姐.debug.xcconfig */ = {isa = PBXFileReference; includeInIndex = 1; lastKnownFileType = text.xcconfig; name = "Pods-百思不得姐.debug.xcconfig"; path = "Pods/Target Support Files/Pods-百思不得姐/Pods-百思不得姐.debug.xcconfig"; sourceTree = "<group>"; };
		FF4007DF1CCBCB8B0084E810 /* 百思不得姐.app */ = {isa = PBXFileReference; explicitFileType = wrapper.application; includeInIndex = 0; path = "百思不得姐.app"; sourceTree = BUILT_PRODUCTS_DIR; };
		FF4007E31CCBCB8B0084E810 /* main.m */ = {isa = PBXFileReference; lastKnownFileType = sourcecode.c.objc; path = main.m; sourceTree = "<group>"; };
		FF4007E51CCBCB8B0084E810 /* AppDelegate.h */ = {isa = PBXFileReference; lastKnownFileType = sourcecode.c.h; path = AppDelegate.h; sourceTree = "<group>"; };
		FF4007E61CCBCB8B0084E810 /* AppDelegate.m */ = {isa = PBXFileReference; lastKnownFileType = sourcecode.c.objc; path = AppDelegate.m; sourceTree = "<group>"; };
		FF4007EE1CCBCB8B0084E810 /* Assets.xcassets */ = {isa = PBXFileReference; lastKnownFileType = folder.assetcatalog; path = Assets.xcassets; sourceTree = "<group>"; };
		FF4007F31CCBCB8B0084E810 /* Info.plist */ = {isa = PBXFileReference; lastKnownFileType = text.plist.xml; path = Info.plist; sourceTree = "<group>"; };
		FF4007F91CCBD28C0084E810 /* JDTabBarController.h */ = {isa = PBXFileReference; fileEncoding = 4; lastKnownFileType = sourcecode.c.h; name = JDTabBarController.h; path = ../../../JDTabBarController.h; sourceTree = "<group>"; };
		FF4007FA1CCBD28C0084E810 /* JDTabBarController.m */ = {isa = PBXFileReference; fileEncoding = 4; lastKnownFileType = sourcecode.c.objc; name = JDTabBarController.m; path = ../../../JDTabBarController.m; sourceTree = "<group>"; };
		FF4007FC1CCBE4230084E810 /* JDMeController.h */ = {isa = PBXFileReference; fileEncoding = 4; lastKnownFileType = sourcecode.c.h; name = JDMeController.h; path = ../../../JDMeController.h; sourceTree = "<group>"; };
		FF4007FD1CCBE4230084E810 /* JDMeController.m */ = {isa = PBXFileReference; fileEncoding = 4; lastKnownFileType = sourcecode.c.objc; name = JDMeController.m; path = ../../../JDMeController.m; sourceTree = "<group>"; };
		FF4007FF1CCBE4410084E810 /* JDEssenceController.h */ = {isa = PBXFileReference; fileEncoding = 4; lastKnownFileType = sourcecode.c.h; name = JDEssenceController.h; path = ../../../JDEssenceController.h; sourceTree = "<group>"; };
		FF4008001CCBE4410084E810 /* JDEssenceController.m */ = {isa = PBXFileReference; fileEncoding = 4; lastKnownFileType = sourcecode.c.objc; name = JDEssenceController.m; path = ../../../JDEssenceController.m; sourceTree = "<group>"; wrapsLines = 0; };
		FF4008021CCBE45F0084E810 /* JDfriendTrendsController.h */ = {isa = PBXFileReference; fileEncoding = 4; lastKnownFileType = sourcecode.c.h; name = JDfriendTrendsController.h; path = ../../../JDfriendTrendsController.h; sourceTree = "<group>"; };
		FF4008031CCBE45F0084E810 /* JDfriendTrendsController.m */ = {isa = PBXFileReference; fileEncoding = 4; lastKnownFileType = sourcecode.c.objc; name = JDfriendTrendsController.m; path = ../../../JDfriendTrendsController.m; sourceTree = "<group>"; };
		FF4008051CCBE48C0084E810 /* JDNewController.h */ = {isa = PBXFileReference; fileEncoding = 4; lastKnownFileType = sourcecode.c.h; name = JDNewController.h; path = ../../../JDNewController.h; sourceTree = "<group>"; };
		FF4008061CCBE48C0084E810 /* JDNewController.m */ = {isa = PBXFileReference; fileEncoding = 4; lastKnownFileType = sourcecode.c.objc; name = JDNewController.m; path = ../../../JDNewController.m; sourceTree = "<group>"; };
		FF4008081CCC5B840084E810 /* JDTabBar.h */ = {isa = PBXFileReference; fileEncoding = 4; lastKnownFileType = sourcecode.c.h; name = JDTabBar.h; path = ../../../JDTabBar.h; sourceTree = "<group>"; };
		FF4008091CCC5B840084E810 /* JDTabBar.m */ = {isa = PBXFileReference; fileEncoding = 4; lastKnownFileType = sourcecode.c.objc; name = JDTabBar.m; path = ../../../JDTabBar.m; sourceTree = "<group>"; };
		FF49438B1CD044B00078404B /* JDLoginViewController.h */ = {isa = PBXFileReference; fileEncoding = 4; lastKnownFileType = sourcecode.c.h; path = JDLoginViewController.h; sourceTree = "<group>"; };
		FF49438C1CD044B00078404B /* JDLoginViewController.m */ = {isa = PBXFileReference; fileEncoding = 4; lastKnownFileType = sourcecode.c.objc; path = JDLoginViewController.m; sourceTree = "<group>"; };
		FF49438D1CD044B00078404B /* JDLoginViewController.xib */ = {isa = PBXFileReference; fileEncoding = 4; lastKnownFileType = file.xib; path = JDLoginViewController.xib; sourceTree = "<group>"; };
		FF4943901CD05D470078404B /* JDLoginButton.h */ = {isa = PBXFileReference; fileEncoding = 4; lastKnownFileType = sourcecode.c.h; path = JDLoginButton.h; sourceTree = "<group>"; };
		FF4943911CD05D470078404B /* JDLoginButton.m */ = {isa = PBXFileReference; fileEncoding = 4; lastKnownFileType = sourcecode.c.objc; path = JDLoginButton.m; sourceTree = "<group>"; };
		FF4943931CD09D1A0078404B /* JDTextField.h */ = {isa = PBXFileReference; fileEncoding = 4; lastKnownFileType = sourcecode.c.h; path = JDTextField.h; sourceTree = "<group>"; };
		FF4943941CD09D1A0078404B /* JDTextField.m */ = {isa = PBXFileReference; fileEncoding = 4; lastKnownFileType = sourcecode.c.objc; path = JDTextField.m; sourceTree = "<group>"; };
		FF5351091CD9882A0008DBD1 /* JDShowViewController.h */ = {isa = PBXFileReference; fileEncoding = 4; lastKnownFileType = sourcecode.c.h; path = JDShowViewController.h; sourceTree = "<group>"; };
		FF53510A1CD9882A0008DBD1 /* JDShowViewController.m */ = {isa = PBXFileReference; fileEncoding = 4; lastKnownFileType = sourcecode.c.objc; path = JDShowViewController.m; sourceTree = "<group>"; };
		FF53510B1CD9882A0008DBD1 /* JDShowViewController.xib */ = {isa = PBXFileReference; fileEncoding = 4; lastKnownFileType = file.xib; path = JDShowViewController.xib; sourceTree = "<group>"; };
		FF53510E1CD9ADA30008DBD1 /* JDProgressView.h */ = {isa = PBXFileReference; fileEncoding = 4; lastKnownFileType = sourcecode.c.h; path = JDProgressView.h; sourceTree = "<group>"; };
		FF53510F1CD9ADA30008DBD1 /* JDProgressView.m */ = {isa = PBXFileReference; fileEncoding = 4; lastKnownFileType = sourcecode.c.objc; path = JDProgressView.m; sourceTree = "<group>"; };
		FF61C3931CCC71EB00968857 /* HeaderPch.pch */ = {isa = PBXFileReference; lastKnownFileType = sourcecode.c.h; path = HeaderPch.pch; sourceTree = "<group>"; };
		FF61C3941CCC764B00968857 /* UIBarButtonItem+JDBarButtonItem.h */ = {isa = PBXFileReference; fileEncoding = 4; lastKnownFileType = sourcecode.c.h; name = "UIBarButtonItem+JDBarButtonItem.h"; path = "../../../UIBarButtonItem+JDBarButtonItem.h"; sourceTree = "<group>"; };
		FF61C3951CCC764B00968857 /* UIBarButtonItem+JDBarButtonItem.m */ = {isa = PBXFileReference; fileEncoding = 4; lastKnownFileType = sourcecode.c.objc; name = "UIBarButtonItem+JDBarButtonItem.m"; path = "../../../UIBarButtonItem+JDBarButtonItem.m"; sourceTree = "<group>"; };
		FF61C39A1CCC9C9000968857 /* UIView+JDExtension.h */ = {isa = PBXFileReference; fileEncoding = 4; lastKnownFileType = sourcecode.c.h; name = "UIView+JDExtension.h"; path = "../../../UIView+JDExtension.h"; sourceTree = "<group>"; };
		FF61C39B1CCC9C9000968857 /* UIView+JDExtension.m */ = {isa = PBXFileReference; fileEncoding = 4; lastKnownFileType = sourcecode.c.objc; name = "UIView+JDExtension.m"; path = "../../../UIView+JDExtension.m"; sourceTree = "<group>"; };
		FF61C3B21CCCA51900968857 /* JDNavigationController.h */ = {isa = PBXFileReference; fileEncoding = 4; lastKnownFileType = sourcecode.c.h; name = JDNavigationController.h; path = ../../../JDNavigationController.h; sourceTree = "<group>"; };
		FF61C3B31CCCA51900968857 /* JDNavigationController.m */ = {isa = PBXFileReference; fileEncoding = 4; lastKnownFileType = sourcecode.c.objc; name = JDNavigationController.m; path = ../../../JDNavigationController.m; sourceTree = "<group>"; };
		FF84FC2F1CCF1808007D9ADA /* JDUserTableViewCell.h */ = {isa = PBXFileReference; fileEncoding = 4; lastKnownFileType = sourcecode.c.h; path = JDUserTableViewCell.h; sourceTree = "<group>"; };
		FF84FC301CCF1808007D9ADA /* JDUserTableViewCell.m */ = {isa = PBXFileReference; fileEncoding = 4; lastKnownFileType = sourcecode.c.objc; path = JDUserTableViewCell.m; sourceTree = "<group>"; };
		FF84FC311CCF1808007D9ADA /* JDUserTableViewCell.xib */ = {isa = PBXFileReference; fileEncoding = 4; lastKnownFileType = file.xib; path = JDUserTableViewCell.xib; sourceTree = "<group>"; };
		FF84FC341CCF19FB007D9ADA /* JDUserModel.h */ = {isa = PBXFileReference; fileEncoding = 4; lastKnownFileType = sourcecode.c.h; path = JDUserModel.h; sourceTree = "<group>"; };
		FF84FC351CCF19FB007D9ADA /* JDUserModel.m */ = {isa = PBXFileReference; fileEncoding = 4; lastKnownFileType = sourcecode.c.objc; path = JDUserModel.m; sourceTree = "<group>"; };
		FF84FC3A1CCF92DE007D9ADA /* JDSubViewController.h */ = {isa = PBXFileReference; fileEncoding = 4; lastKnownFileType = sourcecode.c.h; path = JDSubViewController.h; sourceTree = "<group>"; };
		FF84FC3B1CCF92DE007D9ADA /* JDSubViewController.m */ = {isa = PBXFileReference; fileEncoding = 4; lastKnownFileType = sourcecode.c.objc; path = JDSubViewController.m; sourceTree = "<group>"; };
		FF84FC3C1CCF92DE007D9ADA /* JDSubViewController.xib */ = {isa = PBXFileReference; fileEncoding = 4; lastKnownFileType = file.xib; path = JDSubViewController.xib; sourceTree = "<group>"; };
		FF84FC3F1CCF93E9007D9ADA /* JDSubTableViewCell.h */ = {isa = PBXFileReference; fileEncoding = 4; lastKnownFileType = sourcecode.c.h; path = JDSubTableViewCell.h; sourceTree = "<group>"; };
		FF84FC401CCF93E9007D9ADA /* JDSubTableViewCell.m */ = {isa = PBXFileReference; fileEncoding = 4; lastKnownFileType = sourcecode.c.objc; path = JDSubTableViewCell.m; sourceTree = "<group>"; };
		FF84FC411CCF93E9007D9ADA /* JDSubTableViewCell.xib */ = {isa = PBXFileReference; fileEncoding = 4; lastKnownFileType = file.xib; path = JDSubTableViewCell.xib; sourceTree = "<group>"; };
		FF84FC441CCF940E007D9ADA /* JDSubModel.h */ = {isa = PBXFileReference; fileEncoding = 4; lastKnownFileType = sourcecode.c.h; path = JDSubModel.h; sourceTree = "<group>"; };
		FF84FC451CCF940E007D9ADA /* JDSubModel.m */ = {isa = PBXFileReference; fileEncoding = 4; lastKnownFileType = sourcecode.c.objc; path = JDSubModel.m; sourceTree = "<group>"; };
		FF8B67E91CCCCE8A0020A5F3 /* JDfriendTrendsController.xib */ = {isa = PBXFileReference; fileEncoding = 4; lastKnownFileType = file.xib; path = JDfriendTrendsController.xib; sourceTree = "<group>"; };
		FFA9FA311CD33D2000046AC3 /* JDAmuseModel.h */ = {isa = PBXFileReference; fileEncoding = 4; lastKnownFileType = sourcecode.c.h; path = JDAmuseModel.h; sourceTree = "<group>"; };
		FFA9FA321CD33D2000046AC3 /* JDAmuseModel.m */ = {isa = PBXFileReference; fileEncoding = 4; lastKnownFileType = sourcecode.c.objc; path = JDAmuseModel.m; sourceTree = "<group>"; };
		FFA9FA341CD3475000046AC3 /* JDAmuseViewCell.h */ = {isa = PBXFileReference; fileEncoding = 4; lastKnownFileType = sourcecode.c.h; path = JDAmuseViewCell.h; sourceTree = "<group>"; };
		FFA9FA351CD3475000046AC3 /* JDAmuseViewCell.m */ = {isa = PBXFileReference; fileEncoding = 4; lastKnownFileType = sourcecode.c.objc; path = JDAmuseViewCell.m; sourceTree = "<group>"; };
		FFA9FA361CD3475000046AC3 /* JDAmuseViewCell.xib */ = {isa = PBXFileReference; fileEncoding = 4; lastKnownFileType = file.xib; path = JDAmuseViewCell.xib; sourceTree = "<group>"; };
		FFC4F9C91CCCF917000BE44A /* JDRecommendController.h */ = {isa = PBXFileReference; fileEncoding = 4; lastKnownFileType = sourcecode.c.h; path = JDRecommendController.h; sourceTree = "<group>"; };
		FFC4F9CA1CCCF917000BE44A /* JDRecommendController.m */ = {isa = PBXFileReference; fileEncoding = 4; lastKnownFileType = sourcecode.c.objc; path = JDRecommendController.m; sourceTree = "<group>"; };
		FFC4F9CB1CCCF917000BE44A /* JDRecommendController.xib */ = {isa = PBXFileReference; fileEncoding = 4; lastKnownFileType = file.xib; path = JDRecommendController.xib; sourceTree = "<group>"; };
		FFC4F9CE1CCCFDB2000BE44A /* Foundation+Log.m */ = {isa = PBXFileReference; fileEncoding = 4; lastKnownFileType = sourcecode.c.objc; path = "Foundation+Log.m"; sourceTree = "<group>"; };
		FFC4F9D01CCE6EFD000BE44A /* JDTRecommendViewCell.h */ = {isa = PBXFileReference; fileEncoding = 4; lastKnownFileType = sourcecode.c.h; path = JDTRecommendViewCell.h; sourceTree = "<group>"; };
		FFC4F9D11CCE6EFD000BE44A /* JDTRecommendViewCell.m */ = {isa = PBXFileReference; fileEncoding = 4; lastKnownFileType = sourcecode.c.objc; path = JDTRecommendViewCell.m; sourceTree = "<group>"; };
		FFC4F9D21CCE6EFD000BE44A /* JDTRecommendViewCell.xib */ = {isa = PBXFileReference; fileEncoding = 4; lastKnownFileType = file.xib; path = JDTRecommendViewCell.xib; sourceTree = "<group>"; };
		FFC4F9D51CCE7042000BE44A /* JDRecommendModel.h */ = {isa = PBXFileReference; fileEncoding = 4; lastKnownFileType = sourcecode.c.h; path = JDRecommendModel.h; sourceTree = "<group>"; };
		FFC4F9D61CCE7042000BE44A /* JDRecommendModel.m */ = {isa = PBXFileReference; fileEncoding = 4; lastKnownFileType = sourcecode.c.objc; path = JDRecommendModel.m; sourceTree = "<group>"; };
		FFC74E061CD0DCC4000A587E /* JDNavigationView.h */ = {isa = PBXFileReference; fileEncoding = 4; lastKnownFileType = sourcecode.c.h; path = JDNavigationView.h; sourceTree = "<group>"; };
		FFC74E071CD0DCC4000A587E /* JDNavigationView.m */ = {isa = PBXFileReference; fileEncoding = 4; lastKnownFileType = sourcecode.c.objc; path = JDNavigationView.m; sourceTree = "<group>"; };
		FFDD6BA61CDB1F2B003BBBB7 /* JDPublishViewController.h */ = {isa = PBXFileReference; fileEncoding = 4; lastKnownFileType = sourcecode.c.h; path = JDPublishViewController.h; sourceTree = "<group>"; };
		FFDD6BA71CDB1F2B003BBBB7 /* JDPublishViewController.m */ = {isa = PBXFileReference; fileEncoding = 4; lastKnownFileType = sourcecode.c.objc; path = JDPublishViewController.m; sourceTree = "<group>"; };
		FFDD6BA81CDB1F2B003BBBB7 /* JDPublishViewController.xib */ = {isa = PBXFileReference; fileEncoding = 4; lastKnownFileType = file.xib; path = JDPublishViewController.xib; sourceTree = "<group>"; };
		FFED93791CD71AC200AFFE46 /* JDBaseTableViewController.h */ = {isa = PBXFileReference; fileEncoding = 4; lastKnownFileType = sourcecode.c.h; path = JDBaseTableViewController.h; sourceTree = "<group>"; };
		FFED937A1CD71AC200AFFE46 /* JDBaseTableViewController.m */ = {isa = PBXFileReference; fileEncoding = 4; lastKnownFileType = sourcecode.c.objc; path = JDBaseTableViewController.m; sourceTree = "<group>"; };
		FFED937C1CD7233700AFFE46 /* JDConstValue.h */ = {isa = PBXFileReference; fileEncoding = 4; lastKnownFileType = sourcecode.c.h; path = JDConstValue.h; sourceTree = "<group>"; };
		FFED937D1CD7233700AFFE46 /* JDConstValue.m */ = {isa = PBXFileReference; fileEncoding = 4; lastKnownFileType = sourcecode.c.objc; path = JDConstValue.m; sourceTree = "<group>"; };
		FFED937F1CD8CB4900AFFE46 /* JDPictureVIew.h */ = {isa = PBXFileReference; fileEncoding = 4; lastKnownFileType = sourcecode.c.h; path = JDPictureVIew.h; sourceTree = "<group>"; };
		FFED93801CD8CB4900AFFE46 /* JDPictureVIew.m */ = {isa = PBXFileReference; fileEncoding = 4; lastKnownFileType = sourcecode.c.objc; path = JDPictureVIew.m; sourceTree = "<group>"; };
		FFED93821CD8CD9700AFFE46 /* JDPictureVIew.xib */ = {isa = PBXFileReference; fileEncoding = 4; lastKnownFileType = file.xib; path = JDPictureVIew.xib; sourceTree = "<group>"; };
		FFF590441CD6317200C6BF17 /* NSDate+XMGExtension.h */ = {isa = PBXFileReference; fileEncoding = 4; lastKnownFileType = sourcecode.c.h; path = "NSDate+XMGExtension.h"; sourceTree = "<group>"; };
		FFF590451CD6317200C6BF17 /* NSDate+XMGExtension.m */ = {isa = PBXFileReference; fileEncoding = 4; lastKnownFileType = sourcecode.c.objc; path = "NSDate+XMGExtension.m"; sourceTree = "<group>"; };
/* End PBXFileReference section */

/* Begin PBXFrameworksBuildPhase section */
		FF4007DC1CCBCB8B0084E810 /* Frameworks */ = {
			isa = PBXFrameworksBuildPhase;
			buildActionMask = 2147483647;
			files = (
				528FB83824149E7A99DC418F /* libPods-百思不得姐.a in Frameworks */,
			);
			runOnlyForDeploymentPostprocessing = 0;
		};
/* End PBXFrameworksBuildPhase section */

/* Begin PBXGroup section */
		00986931BC93F603930C4AD7 /* Pods */ = {
			isa = PBXGroup;
			children = (
				CF04CF1C9D8CC53BFCADA304 /* Pods-百思不得姐.debug.xcconfig */,
				069BD5BBF0A85A20ADF42ACF /* Pods-百思不得姐.release.xcconfig */,
			);
			name = Pods;
			sourceTree = "<group>";
		};
		CF5EA9487BFC65C79264A690 /* Frameworks */ = {
			isa = PBXGroup;
			children = (
				3DB315C8F2C6269B8BB542AE /* libPods-百思不得姐.a */,
			);
			name = Frameworks;
			sourceTree = "<group>";
		};
		FF4007D61CCBCB8B0084E810 = {
			isa = PBXGroup;
			children = (
				FF4007E11CCBCB8B0084E810 /* 百思不得姐 */,
				FF4007E01CCBCB8B0084E810 /* Products */,
				00986931BC93F603930C4AD7 /* Pods */,
				CF5EA9487BFC65C79264A690 /* Frameworks */,
			);
			sourceTree = "<group>";
		};
		FF4007E01CCBCB8B0084E810 /* Products */ = {
			isa = PBXGroup;
			children = (
				FF4007DF1CCBCB8B0084E810 /* 百思不得姐.app */,
			);
			name = Products;
			sourceTree = "<group>";
		};
		FF4007E11CCBCB8B0084E810 /* 百思不得姐 */ = {
			isa = PBXGroup;
			children = (
				FF61C3A11CCCA2DE00968857 /* class */,
				FF8B67DF1CCCB3960020A5F3 /* Other */,
				FF4007E51CCBCB8B0084E810 /* AppDelegate.h */,
				FF4007E61CCBCB8B0084E810 /* AppDelegate.m */,
				FF61C3931CCC71EB00968857 /* HeaderPch.pch */,
				FFC4F9CE1CCCFDB2000BE44A /* Foundation+Log.m */,
				FF4007E21CCBCB8B0084E810 /* Supporting Files */,
			);
			path = "百思不得姐";
			sourceTree = "<group>";
		};
		FF4007E21CCBCB8B0084E810 /* Supporting Files */ = {
			isa = PBXGroup;
			children = (
				FF4007EE1CCBCB8B0084E810 /* Assets.xcassets */,
				FF4007E31CCBCB8B0084E810 /* main.m */,
				FF4007F31CCBCB8B0084E810 /* Info.plist */,
			);
			name = "Supporting Files";
			sourceTree = "<group>";
		};
		FF61C3A11CCCA2DE00968857 /* class */ = {
			isa = PBXGroup;
			children = (
				FF61C3A21CCCA2DE00968857 /* Essence精华 */,
				FF61C3A61CCCA2DE00968857 /* friendTrends关注 */,
				FF61C3AA1CCCA2DE00968857 /* Me我 */,
				FF61C3AE1CCCA2DE00968857 /* New最新 */,
			);
			path = class;
			sourceTree = "<group>";
		};
		FF61C3A21CCCA2DE00968857 /* Essence精华 */ = {
			isa = PBXGroup;
			children = (
				FF61C3A31CCCA2DE00968857 /* Controller */,
				FF61C3A51CCCA2DE00968857 /* VIew */,
				FF61C3A41CCCA2DE00968857 /* Model */,
			);
			path = "Essence精华";
			sourceTree = "<group>";
		};
		FF61C3A31CCCA2DE00968857 /* Controller */ = {
			isa = PBXGroup;
			children = (
				FF4007FF1CCBE4410084E810 /* JDEssenceController.h */,
				FF4008001CCBE4410084E810 /* JDEssenceController.m */,
				FFED93791CD71AC200AFFE46 /* JDBaseTableViewController.h */,
				FFED937A1CD71AC200AFFE46 /* JDBaseTableViewController.m */,
				FF84FC3A1CCF92DE007D9ADA /* JDSubViewController.h */,
				FF84FC3B1CCF92DE007D9ADA /* JDSubViewController.m */,
				FF84FC3C1CCF92DE007D9ADA /* JDSubViewController.xib */,
				FF5351091CD9882A0008DBD1 /* JDShowViewController.h */,
				FF53510A1CD9882A0008DBD1 /* JDShowViewController.m */,
				FF53510B1CD9882A0008DBD1 /* JDShowViewController.xib */,
				FFC74E061CD0DCC4000A587E /* JDNavigationView.h */,
				FFC74E071CD0DCC4000A587E /* JDNavigationView.m */,
			);
			path = Controller;
			sourceTree = "<group>";
		};
		FF61C3A41CCCA2DE00968857 /* Model */ = {
			isa = PBXGroup;
			children = (
				FF84FC451CCF940E007D9ADA /* JDSubModel.m */,
				FF84FC441CCF940E007D9ADA /* JDSubModel.h */,
				FFA9FA311CD33D2000046AC3 /* JDAmuseModel.h */,
				FFA9FA321CD33D2000046AC3 /* JDAmuseModel.m */,
			);
			path = Model;
			sourceTree = "<group>";
		};
		FF61C3A51CCCA2DE00968857 /* VIew */ = {
			isa = PBXGroup;
			children = (
				FF84FC3F1CCF93E9007D9ADA /* JDSubTableViewCell.h */,
				FF84FC401CCF93E9007D9ADA /* JDSubTableViewCell.m */,
				FF84FC411CCF93E9007D9ADA /* JDSubTableViewCell.xib */,
				FFA9FA341CD3475000046AC3 /* JDAmuseViewCell.h */,
				FFA9FA351CD3475000046AC3 /* JDAmuseViewCell.m */,
				FFA9FA361CD3475000046AC3 /* JDAmuseViewCell.xib */,
				FFED937F1CD8CB4900AFFE46 /* JDPictureVIew.h */,
				FFED93801CD8CB4900AFFE46 /* JDPictureVIew.m */,
				FFED93821CD8CD9700AFFE46 /* JDPictureVIew.xib */,
				FF53510E1CD9ADA30008DBD1 /* JDProgressView.h */,
				FF53510F1CD9ADA30008DBD1 /* JDProgressView.m */,
			);
			path = VIew;
			sourceTree = "<group>";
		};
		FF61C3A61CCCA2DE00968857 /* friendTrends关注 */ = {
			isa = PBXGroup;
			children = (
				FF61C3A71CCCA2DE00968857 /* Controller */,
				FF61C3A81CCCA2DE00968857 /* Model */,
				FF61C3A91CCCA2DE00968857 /* VIew */,
			);
			path = "friendTrends关注";
			sourceTree = "<group>";
		};
		FF61C3A71CCCA2DE00968857 /* Controller */ = {
			isa = PBXGroup;
			children = (
				FF4008021CCBE45F0084E810 /* JDfriendTrendsController.h */,
				FF8B67E91CCCCE8A0020A5F3 /* JDfriendTrendsController.xib */,
				FF4008031CCBE45F0084E810 /* JDfriendTrendsController.m */,
				FF49438B1CD044B00078404B /* JDLoginViewController.h */,
				FF49438C1CD044B00078404B /* JDLoginViewController.m */,
				FF49438D1CD044B00078404B /* JDLoginViewController.xib */,
				FFC4F9C91CCCF917000BE44A /* JDRecommendController.h */,
				FFC4F9CA1CCCF917000BE44A /* JDRecommendController.m */,
				FFC4F9CB1CCCF917000BE44A /* JDRecommendController.xib */,
			);
			path = Controller;
			sourceTree = "<group>";
		};
		FF61C3A81CCCA2DE00968857 /* Model */ = {
			isa = PBXGroup;
			children = (
				FFC4F9D51CCE7042000BE44A /* JDRecommendModel.h */,
				FFC4F9D61CCE7042000BE44A /* JDRecommendModel.m */,
				FF84FC341CCF19FB007D9ADA /* JDUserModel.h */,
				FF84FC351CCF19FB007D9ADA /* JDUserModel.m */,
			);
			path = Model;
			sourceTree = "<group>";
		};
		FF61C3A91CCCA2DE00968857 /* VIew */ = {
			isa = PBXGroup;
			children = (
				FFC4F9D01CCE6EFD000BE44A /* JDTRecommendViewCell.h */,
				FFC4F9D11CCE6EFD000BE44A /* JDTRecommendViewCell.m */,
				FFC4F9D21CCE6EFD000BE44A /* JDTRecommendViewCell.xib */,
				FF84FC2F1CCF1808007D9ADA /* JDUserTableViewCell.h */,
				FF84FC301CCF1808007D9ADA /* JDUserTableViewCell.m */,
				FF84FC311CCF1808007D9ADA /* JDUserTableViewCell.xib */,
				FF4943901CD05D470078404B /* JDLoginButton.h */,
				FF4943911CD05D470078404B /* JDLoginButton.m */,
				FF4943931CD09D1A0078404B /* JDTextField.h */,
				FF4943941CD09D1A0078404B /* JDTextField.m */,
			);
			path = VIew;
			sourceTree = "<group>";
		};
		FF61C3AA1CCCA2DE00968857 /* Me我 */ = {
			isa = PBXGroup;
			children = (
				FF61C3AB1CCCA2DE00968857 /* Controller */,
				FF61C3AC1CCCA2DE00968857 /* Model */,
				FF61C3AD1CCCA2DE00968857 /* VIew */,
			);
			path = "Me我";
			sourceTree = "<group>";
		};
		FF61C3AB1CCCA2DE00968857 /* Controller */ = {
			isa = PBXGroup;
			children = (
				FF4007FC1CCBE4230084E810 /* JDMeController.h */,
				FF4007FD1CCBE4230084E810 /* JDMeController.m */,
			);
			path = Controller;
			sourceTree = "<group>";
		};
		FF61C3AC1CCCA2DE00968857 /* Model */ = {
			isa = PBXGroup;
			children = (
			);
			path = Model;
			sourceTree = "<group>";
		};
		FF61C3AD1CCCA2DE00968857 /* VIew */ = {
			isa = PBXGroup;
			children = (
			);
			path = VIew;
			sourceTree = "<group>";
		};
		FF61C3AE1CCCA2DE00968857 /* New最新 */ = {
			isa = PBXGroup;
			children = (
				FF61C3AF1CCCA2DE00968857 /* Controller */,
				FF61C3B01CCCA2DE00968857 /* Model */,
				FF61C3B11CCCA2DE00968857 /* VIew */,
			);
			path = "New最新";
			sourceTree = "<group>";
		};
		FF61C3AF1CCCA2DE00968857 /* Controller */ = {
			isa = PBXGroup;
			children = (
				FF4008051CCBE48C0084E810 /* JDNewController.h */,
				FF4008061CCBE48C0084E810 /* JDNewController.m */,
			);
			path = Controller;
			sourceTree = "<group>";
		};
		FF61C3B01CCCA2DE00968857 /* Model */ = {
			isa = PBXGroup;
			children = (
			);
			path = Model;
			sourceTree = "<group>";
		};
		FF61C3B11CCCA2DE00968857 /* VIew */ = {
			isa = PBXGroup;
			children = (
			);
			path = VIew;
			sourceTree = "<group>";
		};
		FF8B67DF1CCCB3960020A5F3 /* Other */ = {
			isa = PBXGroup;
			children = (
				FF8B67E01CCCB3960020A5F3 /* Controller */,
				FF8B67E11CCCB3960020A5F3 /* gateory */,
				FF8B67E21CCCB3960020A5F3 /* VIew */,
			);
			name = Other;
			path = class/Other;
			sourceTree = "<group>";
		};
		FF8B67E01CCCB3960020A5F3 /* Controller */ = {
			isa = PBXGroup;
			children = (
				FF61C3B21CCCA51900968857 /* JDNavigationController.h */,
				FF61C3B31CCCA51900968857 /* JDNavigationController.m */,
				FF4007F91CCBD28C0084E810 /* JDTabBarController.h */,
				FF4007FA1CCBD28C0084E810 /* JDTabBarController.m */,
				FFDD6BA61CDB1F2B003BBBB7 /* JDPublishViewController.h */,
				FFDD6BA71CDB1F2B003BBBB7 /* JDPublishViewController.m */,
				FFDD6BA81CDB1F2B003BBBB7 /* JDPublishViewController.xib */,
			);
			path = Controller;
			sourceTree = "<group>";
		};
		FF8B67E11CCCB3960020A5F3 /* gateory */ = {
			isa = PBXGroup;
			children = (
				FFF590441CD6317200C6BF17 /* NSDate+XMGExtension.h */,
				FFF590451CD6317200C6BF17 /* NSDate+XMGExtension.m */,
				FF61C3941CCC764B00968857 /* UIBarButtonItem+JDBarButtonItem.h */,
				FF61C3951CCC764B00968857 /* UIBarButtonItem+JDBarButtonItem.m */,
				FF61C39A1CCC9C9000968857 /* UIView+JDExtension.h */,
				FF61C39B1CCC9C9000968857 /* UIView+JDExtension.m */,
				FFED937C1CD7233700AFFE46 /* JDConstValue.h */,
				FFED937D1CD7233700AFFE46 /* JDConstValue.m */,
			);
			name = gateory;
			path = Model;
			sourceTree = "<group>";
		};
		FF8B67E21CCCB3960020A5F3 /* VIew */ = {
			isa = PBXGroup;
			children = (
				FF4008081CCC5B840084E810 /* JDTabBar.h */,
				FF4008091CCC5B840084E810 /* JDTabBar.m */,
			);
			path = VIew;
			sourceTree = "<group>";
		};
/* End PBXGroup section */

/* Begin PBXNativeTarget section */
		FF4007DE1CCBCB8B0084E810 /* 百思不得姐 */ = {
			isa = PBXNativeTarget;
			buildConfigurationList = FF4007F61CCBCB8B0084E810 /* Build configuration list for PBXNativeTarget "百思不得姐" */;
			buildPhases = (
				23B14A363E5932F39862D9EB /* Check Pods Manifest.lock */,
				FF4007DB1CCBCB8B0084E810 /* Sources */,
				FF4007DC1CCBCB8B0084E810 /* Frameworks */,
				FF4007DD1CCBCB8B0084E810 /* Resources */,
				388DF5D6BABE70B4629071ED /* Embed Pods Frameworks */,
				9495A1B9FBAC194E3C54B5D5 /* Copy Pods Resources */,
			);
			buildRules = (
			);
			dependencies = (
			);
			name = "百思不得姐";
			productName = "百思不得姐";
			productReference = FF4007DF1CCBCB8B0084E810 /* 百思不得姐.app */;
			productType = "com.apple.product-type.application";
		};
/* End PBXNativeTarget section */

/* Begin PBXProject section */
		FF4007D71CCBCB8B0084E810 /* Project object */ = {
			isa = PBXProject;
			attributes = {
				CLASSPREFIX = JD;
				LastUpgradeCheck = 0720;
				ORGANIZATIONNAME = helangxin;
				TargetAttributes = {
					FF4007DE1CCBCB8B0084E810 = {
						CreatedOnToolsVersion = 7.2;
						DevelopmentTeam = JNTFNJJP3D;
					};
				};
			};
			buildConfigurationList = FF4007DA1CCBCB8B0084E810 /* Build configuration list for PBXProject "百思不得姐" */;
			compatibilityVersion = "Xcode 3.2";
			developmentRegion = English;
			hasScannedForEncodings = 0;
			knownRegions = (
				en,
				Base,
			);
			mainGroup = FF4007D61CCBCB8B0084E810;
			productRefGroup = FF4007E01CCBCB8B0084E810 /* Products */;
			projectDirPath = "";
			projectRoot = "";
			targets = (
				FF4007DE1CCBCB8B0084E810 /* 百思不得姐 */,
			);
		};
/* End PBXProject section */

/* Begin PBXResourcesBuildPhase section */
		FF4007DD1CCBCB8B0084E810 /* Resources */ = {
			isa = PBXResourcesBuildPhase;
			buildActionMask = 2147483647;
			files = (
				FFDD6BAA1CDB1F2B003BBBB7 /* JDPublishViewController.xib in Resources */,
				FFA9FA381CD3475000046AC3 /* JDAmuseViewCell.xib in Resources */,
				FFED93831CD8CD9700AFFE46 /* JDPictureVIew.xib in Resources */,
				FF49438F1CD044B00078404B /* JDLoginViewController.xib in Resources */,
				FF84FC331CCF1808007D9ADA /* JDUserTableViewCell.xib in Resources */,
				FFC4F9D41CCE6EFD000BE44A /* JDTRecommendViewCell.xib in Resources */,
				FFC4F9CD1CCCF917000BE44A /* JDRecommendController.xib in Resources */,
				FF84FC3E1CCF92DE007D9ADA /* JDSubViewController.xib in Resources */,
				FF4007EF1CCBCB8B0084E810 /* Assets.xcassets in Resources */,
				FF8B67EA1CCCCE8A0020A5F3 /* JDfriendTrendsController.xib in Resources */,
				FF84FC431CCF93E9007D9ADA /* JDSubTableViewCell.xib in Resources */,
				FF53510D1CD9882A0008DBD1 /* JDShowViewController.xib in Resources */,
			);
			runOnlyForDeploymentPostprocessing = 0;
		};
/* End PBXResourcesBuildPhase section */

/* Begin PBXShellScriptBuildPhase section */
		23B14A363E5932F39862D9EB /* Check Pods Manifest.lock */ = {
			isa = PBXShellScriptBuildPhase;
			buildActionMask = 2147483647;
			files = (
			);
			inputPaths = (
			);
			name = "Check Pods Manifest.lock";
			outputPaths = (
			);
			runOnlyForDeploymentPostprocessing = 0;
			shellPath = /bin/sh;
			shellScript = "diff \"${PODS_ROOT}/../Podfile.lock\" \"${PODS_ROOT}/Manifest.lock\" > /dev/null\nif [[ $? != 0 ]] ; then\n    cat << EOM\nerror: The sandbox is not in sync with the Podfile.lock. Run 'pod install' or update your CocoaPods installation.\nEOM\n    exit 1\nfi\n";
			showEnvVarsInLog = 0;
		};
		388DF5D6BABE70B4629071ED /* Embed Pods Frameworks */ = {
			isa = PBXShellScriptBuildPhase;
			buildActionMask = 2147483647;
			files = (
			);
			inputPaths = (
			);
			name = "Embed Pods Frameworks";
			outputPaths = (
			);
			runOnlyForDeploymentPostprocessing = 0;
			shellPath = /bin/sh;
			shellScript = "\"${SRCROOT}/Pods/Target Support Files/Pods-百思不得姐/Pods-百思不得姐-frameworks.sh\"\n";
			showEnvVarsInLog = 0;
		};
		9495A1B9FBAC194E3C54B5D5 /* Copy Pods Resources */ = {
			isa = PBXShellScriptBuildPhase;
			buildActionMask = 2147483647;
			files = (
			);
			inputPaths = (
			);
			name = "Copy Pods Resources";
			outputPaths = (
			);
			runOnlyForDeploymentPostprocessing = 0;
			shellPath = /bin/sh;
			shellScript = "\"${SRCROOT}/Pods/Target Support Files/Pods-百思不得姐/Pods-百思不得姐-resources.sh\"\n";
			showEnvVarsInLog = 0;
		};
/* End PBXShellScriptBuildPhase section */

/* Begin PBXSourcesBuildPhase section */
		FF4007DB1CCBCB8B0084E810 /* Sources */ = {
			isa = PBXSourcesBuildPhase;
			buildActionMask = 2147483647;
			files = (
				FF84FC461CCF940E007D9ADA /* JDSubModel.m in Sources */,
				FFA9FA371CD3475000046AC3 /* JDAmuseViewCell.m in Sources */,
				FFA9FA331CD33D2000046AC3 /* JDAmuseModel.m in Sources */,
				FFF590461CD6317200C6BF17 /* NSDate+XMGExtension.m in Sources */,
				FF4008071CCBE48C0084E810 /* JDNewController.m in Sources */,
				FF4007FB1CCBD28C0084E810 /* JDTabBarController.m in Sources */,
				FF4007FE1CCBE4230084E810 /* JDMeController.m in Sources */,
				FFED937E1CD7233700AFFE46 /* JDConstValue.m in Sources */,
				FF84FC3D1CCF92DE007D9ADA /* JDSubViewController.m in Sources */,
				FF5351101CD9ADA30008DBD1 /* JDProgressView.m in Sources */,
				FF4008041CCBE45F0084E810 /* JDfriendTrendsController.m in Sources */,
				FF53510C1CD9882A0008DBD1 /* JDShowViewController.m in Sources */,
				FF84FC361CCF19FB007D9ADA /* JDUserModel.m in Sources */,
				FF84FC321CCF1808007D9ADA /* JDUserTableViewCell.m in Sources */,
				FFDD6BA91CDB1F2B003BBBB7 /* JDPublishViewController.m in Sources */,
				FF4943951CD09D1A0078404B /* JDTextField.m in Sources */,
				FF84FC421CCF93E9007D9ADA /* JDSubTableViewCell.m in Sources */,
				FF4943921CD05D470078404B /* JDLoginButton.m in Sources */,
				FFED93811CD8CB4900AFFE46 /* JDPictureVIew.m in Sources */,
				FF49438E1CD044B00078404B /* JDLoginViewController.m in Sources */,
				FF61C3B41CCCA51900968857 /* JDNavigationController.m in Sources */,
				FF40080A1CCC5B840084E810 /* JDTabBar.m in Sources */,
				FFC74E081CD0DCC4000A587E /* JDNavigationView.m in Sources */,
				FFC4F9D31CCE6EFD000BE44A /* JDTRecommendViewCell.m in Sources */,
				FF4007E71CCBCB8B0084E810 /* AppDelegate.m in Sources */,
				FF4008011CCBE4410084E810 /* JDEssenceController.m in Sources */,
				FFC4F9CC1CCCF917000BE44A /* JDRecommendController.m in Sources */,
				FFC4F9CF1CCCFDB2000BE44A /* Foundation+Log.m in Sources */,
				FF4007E41CCBCB8B0084E810 /* main.m in Sources */,
				FF61C39C1CCC9C9000968857 /* UIView+JDExtension.m in Sources */,
				FFC4F9D71CCE7042000BE44A /* JDRecommendModel.m in Sources */,
				FFED937B1CD71AC200AFFE46 /* JDBaseTableViewController.m in Sources */,
				FF61C3961CCC764B00968857 /* UIBarButtonItem+JDBarButtonItem.m in Sources */,
			);
			runOnlyForDeploymentPostprocessing = 0;
		};
/* End PBXSourcesBuildPhase section */

/* Begin XCBuildConfiguration section */
		FF4007F41CCBCB8B0084E810 /* Debug */ = {
			isa = XCBuildConfiguration;
			buildSettings = {
				ALWAYS_SEARCH_USER_PATHS = NO;
				CLANG_CXX_LANGUAGE_STANDARD = "gnu++0x";
				CLANG_CXX_LIBRARY = "libc++";
				CLANG_ENABLE_MODULES = YES;
				CLANG_ENABLE_OBJC_ARC = YES;
				CLANG_WARN_BOOL_CONVERSION = YES;
				CLANG_WARN_CONSTANT_CONVERSION = YES;
				CLANG_WARN_DIRECT_OBJC_ISA_USAGE = YES_ERROR;
				CLANG_WARN_EMPTY_BODY = YES;
				CLANG_WARN_ENUM_CONVERSION = YES;
				CLANG_WARN_INT_CONVERSION = YES;
				CLANG_WARN_OBJC_ROOT_CLASS = YES_ERROR;
				CLANG_WARN_UNREACHABLE_CODE = YES;
				CLANG_WARN__DUPLICATE_METHOD_MATCH = YES;
				"CODE_SIGN_IDENTITY[sdk=iphoneos*]" = "iPhone Developer";
				COPY_PHASE_STRIP = NO;
				DEBUG_INFORMATION_FORMAT = dwarf;
				ENABLE_STRICT_OBJC_MSGSEND = YES;
				ENABLE_TESTABILITY = YES;
				GCC_C_LANGUAGE_STANDARD = gnu99;
				GCC_DYNAMIC_NO_PIC = NO;
				GCC_NO_COMMON_BLOCKS = YES;
				GCC_OPTIMIZATION_LEVEL = 0;
				GCC_PREFIX_HEADER = "百思不得姐/HeaderPch.pch";
				GCC_PREPROCESSOR_DEFINITIONS = (
					"DEBUG=1",
					"$(inherited)",
				);
				GCC_WARN_64_TO_32_BIT_CONVERSION = YES;
				GCC_WARN_ABOUT_RETURN_TYPE = YES_ERROR;
				GCC_WARN_UNDECLARED_SELECTOR = YES;
				GCC_WARN_UNINITIALIZED_AUTOS = YES_AGGRESSIVE;
				GCC_WARN_UNUSED_FUNCTION = YES;
				GCC_WARN_UNUSED_VARIABLE = YES;
				IPHONEOS_DEPLOYMENT_TARGET = 9.2;
				MTL_ENABLE_DEBUG_INFO = YES;
				ONLY_ACTIVE_ARCH = YES;
				SDKROOT = iphoneos;
			};
			name = Debug;
		};
		FF4007F51CCBCB8B0084E810 /* Release */ = {
			isa = XCBuildConfiguration;
			buildSettings = {
				ALWAYS_SEARCH_USER_PATHS = NO;
				CLANG_CXX_LANGUAGE_STANDARD = "gnu++0x";
				CLANG_CXX_LIBRARY = "libc++";
				CLANG_ENABLE_MODULES = YES;
				CLANG_ENABLE_OBJC_ARC = YES;
				CLANG_WARN_BOOL_CONVERSION = YES;
				CLANG_WARN_CONSTANT_CONVERSION = YES;
				CLANG_WARN_DIRECT_OBJC_ISA_USAGE = YES_ERROR;
				CLANG_WARN_EMPTY_BODY = YES;
				CLANG_WARN_ENUM_CONVERSION = YES;
				CLANG_WARN_INT_CONVERSION = YES;
				CLANG_WARN_OBJC_ROOT_CLASS = YES_ERROR;
				CLANG_WARN_UNREACHABLE_CODE = YES;
				CLANG_WARN__DUPLICATE_METHOD_MATCH = YES;
				"CODE_SIGN_IDENTITY[sdk=iphoneos*]" = "iPhone Developer";
				COPY_PHASE_STRIP = NO;
				DEBUG_INFORMATION_FORMAT = "dwarf-with-dsym";
				ENABLE_NS_ASSERTIONS = NO;
				ENABLE_STRICT_OBJC_MSGSEND = YES;
				GCC_C_LANGUAGE_STANDARD = gnu99;
				GCC_NO_COMMON_BLOCKS = YES;
				GCC_PREFIX_HEADER = "百思不得姐/HeaderPch.pch";
				GCC_WARN_64_TO_32_BIT_CONVERSION = YES;
				GCC_WARN_ABOUT_RETURN_TYPE = YES_ERROR;
				GCC_WARN_UNDECLARED_SELECTOR = YES;
				GCC_WARN_UNINITIALIZED_AUTOS = YES_AGGRESSIVE;
				GCC_WARN_UNUSED_FUNCTION = YES;
				GCC_WARN_UNUSED_VARIABLE = YES;
				IPHONEOS_DEPLOYMENT_TARGET = 9.2;
				MTL_ENABLE_DEBUG_INFO = NO;
				SDKROOT = iphoneos;
				VALIDATE_PRODUCT = YES;
			};
			name = Release;
		};
		FF4007F71CCBCB8B0084E810 /* Debug */ = {
			isa = XCBuildConfiguration;
			baseConfigurationReference = CF04CF1C9D8CC53BFCADA304 /* Pods-百思不得姐.debug.xcconfig */;
			buildSettings = {
				ASSETCATALOG_COMPILER_APPICON_NAME = AppIcon;
				ASSETCATALOG_COMPILER_LAUNCHIMAGE_NAME = "Brand Assets";
				CODE_SIGN_IDENTITY = "iPhone Developer";
				"CODE_SIGN_IDENTITY[sdk=iphoneos*]" = "iPhone Developer";
				GCC_PRECOMPILE_PREFIX_HEADER = NO;
				INFOPLIST_FILE = "百思不得姐/Info.plist";
				LD_RUNPATH_SEARCH_PATHS = "$(inherited) @executable_path/Frameworks";
				PRODUCT_BUNDLE_IDENTIFIER = "ios.-----heheLOS";
				PRODUCT_NAME = "$(TARGET_NAME)";
				PROVISIONING_PROFILE = "";
			};
			name = Debug;
		};
		FF4007F81CCBCB8B0084E810 /* Release */ = {
			isa = XCBuildConfiguration;
			baseConfigurationReference = 069BD5BBF0A85A20ADF42ACF /* Pods-百思不得姐.release.xcconfig */;
			buildSettings = {
				ASSETCATALOG_COMPILER_APPICON_NAME = AppIcon;
				ASSETCATALOG_COMPILER_LAUNCHIMAGE_NAME = "Brand Assets";
				CODE_SIGN_IDENTITY = "iPhone Developer";
				"CODE_SIGN_IDENTITY[sdk=iphoneos*]" = "iPhone Developer";
				GCC_PRECOMPILE_PREFIX_HEADER = NO;
				INFOPLIST_FILE = "百思不得姐/Info.plist";
				LD_RUNPATH_SEARCH_PATHS = "$(inherited) @executable_path/Frameworks";
				PRODUCT_BUNDLE_IDENTIFIER = "ios.-----heheLOS";
				PRODUCT_NAME = "$(TARGET_NAME)";
				PROVISIONING_PROFILE = "";
			};
			name = Release;
		};
/* End XCBuildConfiguration section */

/* Begin XCConfigurationList section */
		FF4007DA1CCBCB8B0084E810 /* Build configuration list for PBXProject "百思不得姐" */ = {
			isa = XCConfigurationList;
			buildConfigurations = (
				FF4007F41CCBCB8B0084E810 /* Debug */,
				FF4007F51CCBCB8B0084E810 /* Release */,
			);
			defaultConfigurationIsVisible = 0;
			defaultConfigurationName = Release;
		};
		FF4007F61CCBCB8B0084E810 /* Build configuration list for PBXNativeTarget "百思不得姐" */ = {
			isa = XCConfigurationList;
			buildConfigurations = (
				FF4007F71CCBCB8B0084E810 /* Debug */,
				FF4007F81CCBCB8B0084E810 /* Release */,
			);
			defaultConfigurationIsVisible = 0;
			defaultConfigurationName = Release;
		};
/* End XCConfigurationList section */
	};
	rootObject = FF4007D71CCBCB8B0084E810 /* Project object */;
}
